
Microsoft Visual Studio Solution File, Format Version 12.00
# Visual Studio Version 17
VisualStudioVersion = 17.7.34221.43
MinimumVisualStudioVersion = 10.0.40219.1
Project("{9A19103F-16F7-4668-BE54-9A1E7A4F7556}") = "PhoneBook", "PhoneBook\PhoneBook.csproj", "{C80A6A12-93EF-411F-98E7-632DF957D2C9}"
EndProject
Global
	GlobalSection(SolutionConfigurationPlatforms) = preSolution
		Debug|Any CPU = Debug|Any CPU
		Release|Any CPU = Release|Any CPU
	EndGlobalSection
	GlobalSection(ProjectConfigurationPlatforms) = postSolution
		{C80A6A12-93EF-411F-98E7-632DF957D2C9}.Debug|Any CPU.ActiveCfg = Debug|Any CPU
		{C80A6A12-93EF-411F-98E7-632DF957D2C9}.Debug|Any CPU.Build.0 = Debug|Any CPU
		{C80A6A12-93EF-411F-98E7-632DF957D2C9}.Release|Any CPU.ActiveCfg = Release|Any CPU
		{C80A6A12-93EF-411F-98E7-632DF957D2C9}.Release|Any CPU.Build.0 = Release|Any CPU
	EndGlobalSection
	GlobalSection(SolutionProperties) = preSolution
		HideSolutionNode = FALSE
	EndGlobalSection
	GlobalSection(ExtensibilityGlobals) = postSolution
		SolutionGuid = {3CE32285-9FD8-4E2D-A199-574DFFCEBE18}
	EndGlobalSection
EndGlobal
